<Solution>
  <Folder Name="/infra/">
    <File Path=".github/workflows/dotnet.yml" />
  </Folder>
  <Folder Name="/Solution Items/">
    <File Path=".gitignore" />
    <File Path="LICENSE" />
    <File Path="README.md" />
  </Folder>
  <Folder Name="/src/">
    <Project Path="src/Api/Api.csproj" />
  </Folder>
  <Folder Name="/tests/">
    <File Path="tests/docker-compose.yaml" />
    <File Path="tests/run.ps1" />
  </Folder>
</Solution>
